[[package]]
name = "gbasm"
version = "0.1.0"
dependencies = [
 "gbasm-lib 0.1.0",
 "htmlstream 0.1.3 (registry+https://github.com/rust-lang/crates.io-index)",
]

[[package]]
name = "gbasm-cpu"
version = "0.1.0"

[[package]]
name = "gbasm-lib"
version = "0.1.0"
dependencies = [
 "gbasm-cpu 0.1.0",
 "ordered-float 1.0.2 (registry+https://github.com/rust-lang/crates.io-index)",
]

[[package]]
name = "htmlstream"
version = "0.1.3"
source = "registry+https://github.com/rust-lang/crates.io-index"

[[package]]
name = "num-traits"
version = "0.2.6"
source = "registry+https://github.com/rust-lang/crates.io-index"

[[package]]
name = "ordered-float"
version = "1.0.2"
source = "registry+https://github.com/rust-lang/crates.io-index"
dependencies = [
 "num-traits 0.2.6 (registry+https://github.com/rust-lang/crates.io-index)",
]

[metadata]
"checksum htmlstream 0.1.3 (registry+https://github.com/rust-lang/crates.io-index)" = "30c80fc2df505753b4128a39e8fdbf368aecbf19865c6fc5870c8c740f42324d"
"checksum num-traits 0.2.6 (registry+https://github.com/rust-lang/crates.io-index)" = "0b3a5d7cc97d6d30d8b9bc8fa19bf45349ffe46241e8816f50f62f6d6aaabee1"
"checksum ordered-float 1.0.2 (registry+https://github.com/rust-lang/crates.io-index)" = "18869315e81473c951eb56ad5558bbc56978562d3ecfb87abb7a1e944cea4518"
