[[package]]
name = "gbasm-cpu"
version = "0.1.0"

[[package]]
name = "gbasm-lib"
version = "0.1.0"
dependencies = [
 "gbasm-cpu 0.1.0",
 "lazy_static 1.3.0 (registry+https://github.com/rust-lang/crates.io-index)",
 "ordered-float 1.0.1 (registry+https://github.com/rust-lang/crates.io-index)",
]

[[package]]
name = "lazy_static"
version = "1.3.0"
source = "registry+https://github.com/rust-lang/crates.io-index"

[[package]]
name = "num-traits"
version = "0.2.6"
source = "registry+https://github.com/rust-lang/crates.io-index"

[[package]]
name = "ordered-float"
version = "1.0.1"
source = "registry+https://github.com/rust-lang/crates.io-index"
dependencies = [
 "num-traits 0.2.6 (registry+https://github.com/rust-lang/crates.io-index)",
]

[metadata]
"checksum lazy_static 1.3.0 (registry+https://github.com/rust-lang/crates.io-index)" = "bc5729f27f159ddd61f4df6228e827e86643d4d3e7c32183cb30a1c08f604a14"
"checksum num-traits 0.2.6 (registry+https://github.com/rust-lang/crates.io-index)" = "0b3a5d7cc97d6d30d8b9bc8fa19bf45349ffe46241e8816f50f62f6d6aaabee1"
"checksum ordered-float 1.0.1 (registry+https://github.com/rust-lang/crates.io-index)" = "2f0015e9e8e28ee20c581cfbfe47c650cedeb9ed0721090e0b7ebb10b9cdbcc2"
